
Microsoft Visual Studio Solution File, Format Version 12.00
# Visual Studio 2015
Project("{FAE04EC0-301F-11D3-BF4B-00C04F79EFBC}") = "Voyageur de Commerce.CSharp", "Voyageur de Commerce.CSharp.csproj", "{719D6528-4755-83A1-21B5-DC79A8D3E84D}"
EndProject
Global
	GlobalSection(SolutionConfigurationPlatforms) = preSolution
		Debug|Any CPU = Debug|Any CPU
		Release|Any CPU = Release|Any CPU
	EndGlobalSection
	GlobalSection(ProjectConfigurationPlatforms) = postSolution
		{719D6528-4755-83A1-21B5-DC79A8D3E84D}.Debug|Any CPU.ActiveCfg = Debug|Any CPU
		{719D6528-4755-83A1-21B5-DC79A8D3E84D}.Debug|Any CPU.Build.0 = Debug|Any CPU
		{719D6528-4755-83A1-21B5-DC79A8D3E84D}.Release|Any CPU.ActiveCfg = Release|Any CPU
		{719D6528-4755-83A1-21B5-DC79A8D3E84D}.Release|Any CPU.Build.0 = Release|Any CPU
	EndGlobalSection
	GlobalSection(SolutionProperties) = preSolution
		HideSolutionNode = FALSE
	EndGlobalSection
EndGlobal
